// !$*UTF8*$!
{
	archiveVersion = 1;
	classes = {
	};
	objectVersion = 55;
	objects = {

/* Begin PBXBuildFile section */
		7801F80928578AB20012B498 /* Cabbage_iOSApp.swift in Sources */ = {isa = PBXBuildFile; fileRef = 7801F80828578AB20012B498 /* Cabbage_iOSApp.swift */; };
		7801F80B28578AB20012B498 /* ContentView.swift in Sources */ = {isa = PBXBuildFile; fileRef = 7801F80A28578AB20012B498 /* ContentView.swift */; };
		7801F80D28578AB40012B498 /* Assets.xcassets in Resources */ = {isa = PBXBuildFile; fileRef = 7801F80C28578AB40012B498 /* Assets.xcassets */; };
		7801F81028578AB40012B498 /* Preview Assets.xcassets in Resources */ = {isa = PBXBuildFile; fileRef = 7801F80F28578AB40012B498 /* Preview Assets.xcassets */; };
		7801F81228578AB40012B498 /* Persistence.swift in Sources */ = {isa = PBXBuildFile; fileRef = 7801F81128578AB40012B498 /* Persistence.swift */; };
		7801F81528578AB40012B498 /* Cabbage_iOS.xcdatamodeld in Sources */ = {isa = PBXBuildFile; fileRef = 7801F81328578AB40012B498 /* Cabbage_iOS.xcdatamodeld */; };
		7801F81D28578B970012B498 /* Extensions.swift in Sources */ = {isa = PBXBuildFile; fileRef = 7801F81C28578B970012B498 /* Extensions.swift */; };
		7801F82028578C260012B498 /* StatisticsGrpah.swift in Sources */ = {isa = PBXBuildFile; fileRef = 7801F81F28578C260012B498 /* StatisticsGrpah.swift */; };
		7801F82328578CDB0012B498 /* ExpenseCardView.swift in Sources */ = {isa = PBXBuildFile; fileRef = 7801F82228578CDB0012B498 /* ExpenseCardView.swift */; };
		7801F82528578D0B0012B498 /* DynamicFilteredView.swift in Sources */ = {isa = PBXBuildFile; fileRef = 7801F82428578D0B0012B498 /* DynamicFilteredView.swift */; };
		7801F82728578D250012B498 /* Home.swift in Sources */ = {isa = PBXBuildFile; fileRef = 7801F82628578D250012B498 /* Home.swift */; };
		7801F82928578D500012B498 /* TransactionCardView.swift in Sources */ = {isa = PBXBuildFile; fileRef = 7801F82828578D500012B498 /* TransactionCardView.swift */; };
		7801F82B28578D720012B498 /* FilterableTransactionView.swift in Sources */ = {isa = PBXBuildFile; fileRef = 7801F82A28578D720012B498 /* FilterableTransactionView.swift */; };
		7801F82D28578D930012B498 /* HistoryView.swift in Sources */ = {isa = PBXBuildFile; fileRef = 7801F82C28578D930012B498 /* HistoryView.swift */; };
		7801F83028578DAC0012B498 /* ExpenseViewModel.swift in Sources */ = {isa = PBXBuildFile; fileRef = 7801F82F28578DAC0012B498 /* ExpenseViewModel.swift */; };
		7801F83228578E080012B498 /* LockViewModel.swift in Sources */ = {isa = PBXBuildFile; fileRef = 7801F83128578E080012B498 /* LockViewModel.swift */; };
/* End PBXBuildFile section */

/* Begin PBXFileReference section */
		7801F80528578AB20012B498 /* Cabbage-iOS.app */ = {isa = PBXFileReference; explicitFileType = wrapper.application; includeInIndex = 0; path = "Cabbage-iOS.app"; sourceTree = BUILT_PRODUCTS_DIR; };
		7801F80828578AB20012B498 /* Cabbage_iOSApp.swift */ = {isa = PBXFileReference; lastKnownFileType = sourcecode.swift; path = Cabbage_iOSApp.swift; sourceTree = "<group>"; };
		7801F80A28578AB20012B498 /* ContentView.swift */ = {isa = PBXFileReference; lastKnownFileType = sourcecode.swift; path = ContentView.swift; sourceTree = "<group>"; };
		7801F80C28578AB40012B498 /* Assets.xcassets */ = {isa = PBXFileReference; lastKnownFileType = folder.assetcatalog; path = Assets.xcassets; sourceTree = "<group>"; };
		7801F80F28578AB40012B498 /* Preview Assets.xcassets */ = {isa = PBXFileReference; lastKnownFileType = folder.assetcatalog; path = "Preview Assets.xcassets"; sourceTree = "<group>"; };
		7801F81128578AB40012B498 /* Persistence.swift */ = {isa = PBXFileReference; lastKnownFileType = sourcecode.swift; path = Persistence.swift; sourceTree = "<group>"; };
		7801F81428578AB40012B498 /* Cabbage_iOS.xcdatamodel */ = {isa = PBXFileReference; lastKnownFileType = wrapper.xcdatamodel; path = Cabbage_iOS.xcdatamodel; sourceTree = "<group>"; };
		7801F81C28578B970012B498 /* Extensions.swift */ = {isa = PBXFileReference; lastKnownFileType = sourcecode.swift; path = Extensions.swift; sourceTree = "<group>"; };
		7801F81F28578C260012B498 /* StatisticsGrpah.swift */ = {isa = PBXFileReference; lastKnownFileType = sourcecode.swift; path = StatisticsGrpah.swift; sourceTree = "<group>"; };
		7801F82228578CDB0012B498 /* ExpenseCardView.swift */ = {isa = PBXFileReference; lastKnownFileType = sourcecode.swift; path = ExpenseCardView.swift; sourceTree = "<group>"; };
		7801F82428578D0B0012B498 /* DynamicFilteredView.swift */ = {isa = PBXFileReference; lastKnownFileType = sourcecode.swift; path = DynamicFilteredView.swift; sourceTree = "<group>"; };
		7801F82628578D250012B498 /* Home.swift */ = {isa = PBXFileReference; lastKnownFileType = sourcecode.swift; path = Home.swift; sourceTree = "<group>"; };
		7801F82828578D500012B498 /* TransactionCardView.swift */ = {isa = PBXFileReference; lastKnownFileType = sourcecode.swift; path = TransactionCardView.swift; sourceTree = "<group>"; };
		7801F82A28578D720012B498 /* FilterableTransactionView.swift */ = {isa = PBXFileReference; lastKnownFileType = sourcecode.swift; path = FilterableTransactionView.swift; sourceTree = "<group>"; };
		7801F82C28578D930012B498 /* HistoryView.swift */ = {isa = PBXFileReference; lastKnownFileType = sourcecode.swift; path = HistoryView.swift; sourceTree = "<group>"; };
		7801F82F28578DAC0012B498 /* ExpenseViewModel.swift */ = {isa = PBXFileReference; lastKnownFileType = sourcecode.swift; path = ExpenseViewModel.swift; sourceTree = "<group>"; };
		7801F83128578E080012B498 /* LockViewModel.swift */ = {isa = PBXFileReference; lastKnownFileType = sourcecode.swift; path = LockViewModel.swift; sourceTree = "<group>"; };
/* End PBXFileReference section */

/* Begin PBXFrameworksBuildPhase section */
		7801F80228578AB20012B498 /* Frameworks */ = {
			isa = PBXFrameworksBuildPhase;
			buildActionMask = 2147483647;
			files = (
			);
			runOnlyForDeploymentPostprocessing = 0;
		};
/* End PBXFrameworksBuildPhase section */

/* Begin PBXGroup section */
		7801F7FC28578AB20012B498 = {
			isa = PBXGroup;
			children = (
				7801F80728578AB20012B498 /* Cabbage-iOS */,
				7801F80628578AB20012B498 /* Products */,
			);
			sourceTree = "<group>";
		};
		7801F80628578AB20012B498 /* Products */ = {
			isa = PBXGroup;
			children = (
				7801F80528578AB20012B498 /* Cabbage-iOS.app */,
			);
			name = Products;
			sourceTree = "<group>";
		};
		7801F80728578AB20012B498 /* Cabbage-iOS */ = {
			isa = PBXGroup;
			children = (
				7801F82E28578D9D0012B498 /* ViewModels */,
				7801F82128578C9E0012B498 /* Views */,
				7801F81E28578C190012B498 /* Model */,
				7801F81B28578B6F0012B498 /* Helpers+Extensions */,
				7801F80828578AB20012B498 /* Cabbage_iOSApp.swift */,
				7801F80A28578AB20012B498 /* ContentView.swift */,
				7801F80C28578AB40012B498 /* Assets.xcassets */,
				7801F81128578AB40012B498 /* Persistence.swift */,
				7801F81328578AB40012B498 /* Cabbage_iOS.xcdatamodeld */,
				7801F80E28578AB40012B498 /* Preview Content */,
			);
			path = "Cabbage-iOS";
			sourceTree = "<group>";
		};
		7801F80E28578AB40012B498 /* Preview Content */ = {
			isa = PBXGroup;
			children = (
				7801F80F28578AB40012B498 /* Preview Assets.xcassets */,
			);
			path = "Preview Content";
			sourceTree = "<group>";
		};
		7801F81B28578B6F0012B498 /* Helpers+Extensions */ = {
			isa = PBXGroup;
			children = (
				7801F81C28578B970012B498 /* Extensions.swift */,
			);
			path = "Helpers+Extensions";
			sourceTree = "<group>";
		};
		7801F81E28578C190012B498 /* Model */ = {
			isa = PBXGroup;
			children = (
				7801F81F28578C260012B498 /* StatisticsGrpah.swift */,
			);
			path = Model;
			sourceTree = "<group>";
		};
		7801F82128578C9E0012B498 /* Views */ = {
			isa = PBXGroup;
			children = (
				7801F82228578CDB0012B498 /* ExpenseCardView.swift */,
				7801F82428578D0B0012B498 /* DynamicFilteredView.swift */,
				7801F82628578D250012B498 /* Home.swift */,
				7801F82828578D500012B498 /* TransactionCardView.swift */,
				7801F82A28578D720012B498 /* FilterableTransactionView.swift */,
				7801F82C28578D930012B498 /* HistoryView.swift */,
			);
			path = Views;
			sourceTree = "<group>";
		};
		7801F82E28578D9D0012B498 /* ViewModels */ = {
			isa = PBXGroup;
			children = (
				7801F82F28578DAC0012B498 /* ExpenseViewModel.swift */,
				7801F83128578E080012B498 /* LockViewModel.swift */,
			);
			path = ViewModels;
			sourceTree = "<group>";
		};
/* End PBXGroup section */

/* Begin PBXNativeTarget section */
		7801F80428578AB20012B498 /* Cabbage-iOS */ = {
			isa = PBXNativeTarget;
			buildConfigurationList = 7801F81828578AB40012B498 /* Build configuration list for PBXNativeTarget "Cabbage-iOS" */;
			buildPhases = (
				7801F80128578AB20012B498 /* Sources */,
				7801F80228578AB20012B498 /* Frameworks */,
				7801F80328578AB20012B498 /* Resources */,
			);
			buildRules = (
			);
			dependencies = (
			);
			name = "Cabbage-iOS";
			productName = "Cabbage-iOS";
			productReference = 7801F80528578AB20012B498 /* Cabbage-iOS.app */;
			productType = "com.apple.product-type.application";
		};
/* End PBXNativeTarget section */

/* Begin PBXProject section */
		7801F7FD28578AB20012B498 /* Project object */ = {
			isa = PBXProject;
			attributes = {
				BuildIndependentTargetsInParallel = 1;
				LastSwiftUpdateCheck = 1340;
				LastUpgradeCheck = 1340;
				TargetAttributes = {
					7801F80428578AB20012B498 = {
						CreatedOnToolsVersion = 13.4.1;
					};
				};
			};
			buildConfigurationList = 7801F80028578AB20012B498 /* Build configuration list for PBXProject "Cabbage-iOS" */;
			compatibilityVersion = "Xcode 13.0";
			developmentRegion = en;
			hasScannedForEncodings = 0;
			knownRegions = (
				en,
				Base,
			);
			mainGroup = 7801F7FC28578AB20012B498;
			productRefGroup = 7801F80628578AB20012B498 /* Products */;
			projectDirPath = "";
			projectRoot = "";
			targets = (
				7801F80428578AB20012B498 /* Cabbage-iOS */,
			);
		};
/* End PBXProject section */

/* Begin PBXResourcesBuildPhase section */
		7801F80328578AB20012B498 /* Resources */ = {
			isa = PBXResourcesBuildPhase;
			buildActionMask = 2147483647;
			files = (
				7801F81028578AB40012B498 /* Preview Assets.xcassets in Resources */,
				7801F80D28578AB40012B498 /* Assets.xcassets in Resources */,
			);
			runOnlyForDeploymentPostprocessing = 0;
		};
/* End PBXResourcesBuildPhase section */

/* Begin PBXSourcesBuildPhase section */
		7801F80128578AB20012B498 /* Sources */ = {
			isa = PBXSourcesBuildPhase;
			buildActionMask = 2147483647;
			files = (
				7801F81D28578B970012B498 /* Extensions.swift in Sources */,
				7801F82D28578D930012B498 /* HistoryView.swift in Sources */,
				7801F82328578CDB0012B498 /* ExpenseCardView.swift in Sources */,
				7801F82B28578D720012B498 /* FilterableTransactionView.swift in Sources */,
				7801F81228578AB40012B498 /* Persistence.swift in Sources */,
				7801F82928578D500012B498 /* TransactionCardView.swift in Sources */,
				7801F82528578D0B0012B498 /* DynamicFilteredView.swift in Sources */,
				7801F82728578D250012B498 /* Home.swift in Sources */,
				7801F80B28578AB20012B498 /* ContentView.swift in Sources */,
				7801F83228578E080012B498 /* LockViewModel.swift in Sources */,
				7801F82028578C260012B498 /* StatisticsGrpah.swift in Sources */,
				7801F80928578AB20012B498 /* Cabbage_iOSApp.swift in Sources */,
				7801F83028578DAC0012B498 /* ExpenseViewModel.swift in Sources */,
				7801F81528578AB40012B498 /* Cabbage_iOS.xcdatamodeld in Sources */,
			);
			runOnlyForDeploymentPostprocessing = 0;
		};
/* End PBXSourcesBuildPhase section */

/* Begin XCBuildConfiguration section */
		7801F81628578AB40012B498 /* Debug */ = {
			isa = XCBuildConfiguration;
			buildSettings = {
				ALWAYS_SEARCH_USER_PATHS = NO;
				CLANG_ANALYZER_NONNULL = YES;
				CLANG_ANALYZER_NUMBER_OBJECT_CONVERSION = YES_AGGRESSIVE;
				CLANG_CXX_LANGUAGE_STANDARD = "gnu++17";
				CLANG_ENABLE_MODULES = YES;
				CLANG_ENABLE_OBJC_ARC = YES;
				CLANG_ENABLE_OBJC_WEAK = YES;
				CLANG_WARN_BLOCK_CAPTURE_AUTORELEASING = YES;
				CLANG_WARN_BOOL_CONVERSION = YES;
				CLANG_WARN_COMMA = YES;
				CLANG_WARN_CONSTANT_CONVERSION = YES;
				CLANG_WARN_DEPRECATED_OBJC_IMPLEMENTATIONS = YES;
				CLANG_WARN_DIRECT_OBJC_ISA_USAGE = YES_ERROR;
				CLANG_WARN_DOCUMENTATION_COMMENTS = YES;
				CLANG_WARN_EMPTY_BODY = YES;
				CLANG_WARN_ENUM_CONVERSION = YES;
				CLANG_WARN_INFINITE_RECURSION = YES;
				CLANG_WARN_INT_CONVERSION = YES;
				CLANG_WARN_NON_LITERAL_NULL_CONVERSION = YES;
				CLANG_WARN_OBJC_IMPLICIT_RETAIN_SELF = YES;
				CLANG_WARN_OBJC_LITERAL_CONVERSION = YES;
				CLANG_WARN_OBJC_ROOT_CLASS = YES_ERROR;
				CLANG_WARN_QUOTED_INCLUDE_IN_FRAMEWORK_HEADER = YES;
				CLANG_WARN_RANGE_LOOP_ANALYSIS = YES;
				CLANG_WARN_STRICT_PROTOTYPES = YES;
				CLANG_WARN_SUSPICIOUS_MOVE = YES;
				CLANG_WARN_UNGUARDED_AVAILABILITY = YES_AGGRESSIVE;
				CLANG_WARN_UNREACHABLE_CODE = YES;
				CLANG_WARN__DUPLICATE_METHOD_MATCH = YES;
				COPY_PHASE_STRIP = NO;
				DEBUG_INFORMATION_FORMAT = dwarf;
				ENABLE_STRICT_OBJC_MSGSEND = YES;
				ENABLE_TESTABILITY = YES;
				GCC_C_LANGUAGE_STANDARD = gnu11;
				GCC_DYNAMIC_NO_PIC = NO;
				GCC_NO_COMMON_BLOCKS = YES;
				GCC_OPTIMIZATION_LEVEL = 0;
				GCC_PREPROCESSOR_DEFINITIONS = (
					"DEBUG=1",
					"$(inherited)",
				);
				GCC_WARN_64_TO_32_BIT_CONVERSION = YES;
				GCC_WARN_ABOUT_RETURN_TYPE = YES_ERROR;
				GCC_WARN_UNDECLARED_SELECTOR = YES;
				GCC_WARN_UNINITIALIZED_AUTOS = YES_AGGRESSIVE;
				GCC_WARN_UNUSED_FUNCTION = YES;
				GCC_WARN_UNUSED_VARIABLE = YES;
				IPHONEOS_DEPLOYMENT_TARGET = 15.5;
				MTL_ENABLE_DEBUG_INFO = INCLUDE_SOURCE;
				MTL_FAST_MATH = YES;
				ONLY_ACTIVE_ARCH = YES;
				SDKROOT = iphoneos;
				SWIFT_ACTIVE_COMPILATION_CONDITIONS = DEBUG;
				SWIFT_OPTIMIZATION_LEVEL = "-Onone";
			};
			name = Debug;
		};
		7801F81728578AB40012B498 /* Release */ = {
			isa = XCBuildConfiguration;
			buildSettings = {
				ALWAYS_SEARCH_USER_PATHS = NO;
				CLANG_ANALYZER_NONNULL = YES;
				CLANG_ANALYZER_NUMBER_OBJECT_CONVERSION = YES_AGGRESSIVE;
				CLANG_CXX_LANGUAGE_STANDARD = "gnu++17";
				CLANG_ENABLE_MODULES = YES;
				CLANG_ENABLE_OBJC_ARC = YES;
				CLANG_ENABLE_OBJC_WEAK = YES;
				CLANG_WARN_BLOCK_CAPTURE_AUTORELEASING = YES;
				CLANG_WARN_BOOL_CONVERSION = YES;
				CLANG_WARN_COMMA = YES;
				CLANG_WARN_CONSTANT_CONVERSION = YES;
				CLANG_WARN_DEPRECATED_OBJC_IMPLEMENTATIONS = YES;
				CLANG_WARN_DIRECT_OBJC_ISA_USAGE = YES_ERROR;
				CLANG_WARN_DOCUMENTATION_COMMENTS = YES;
				CLANG_WARN_EMPTY_BODY = YES;
				CLANG_WARN_ENUM_CONVERSION = YES;
				CLANG_WARN_INFINITE_RECURSION = YES;
				CLANG_WARN_INT_CONVERSION = YES;
				CLANG_WARN_NON_LITERAL_NULL_CONVERSION = YES;
				CLANG_WARN_OBJC_IMPLICIT_RETAIN_SELF = YES;
				CLANG_WARN_OBJC_LITERAL_CONVERSION = YES;
				CLANG_WARN_OBJC_ROOT_CLASS = YES_ERROR;
				CLANG_WARN_QUOTED_INCLUDE_IN_FRAMEWORK_HEADER = YES;
				CLANG_WARN_RANGE_LOOP_ANALYSIS = YES;
				CLANG_WARN_STRICT_PROTOTYPES = YES;
				CLANG_WARN_SUSPICIOUS_MOVE = YES;
				CLANG_WARN_UNGUARDED_AVAILABILITY = YES_AGGRESSIVE;
				CLANG_WARN_UNREACHABLE_CODE = YES;
				CLANG_WARN__DUPLICATE_METHOD_MATCH = YES;
				COPY_PHASE_STRIP = NO;
				DEBUG_INFORMATION_FORMAT = "dwarf-with-dsym";
				ENABLE_NS_ASSERTIONS = NO;
				ENABLE_STRICT_OBJC_MSGSEND = YES;
				GCC_C_LANGUAGE_STANDARD = gnu11;
				GCC_NO_COMMON_BLOCKS = YES;
				GCC_WARN_64_TO_32_BIT_CONVERSION = YES;
				GCC_WARN_ABOUT_RETURN_TYPE = YES_ERROR;
				GCC_WARN_UNDECLARED_SELECTOR = YES;
				GCC_WARN_UNINITIALIZED_AUTOS = YES_AGGRESSIVE;
				GCC_WARN_UNUSED_FUNCTION = YES;
				GCC_WARN_UNUSED_VARIABLE = YES;
				IPHONEOS_DEPLOYMENT_TARGET = 15.5;
				MTL_ENABLE_DEBUG_INFO = NO;
				MTL_FAST_MATH = YES;
				SDKROOT = iphoneos;
				SWIFT_COMPILATION_MODE = wholemodule;
				SWIFT_OPTIMIZATION_LEVEL = "-O";
				VALIDATE_PRODUCT = YES;
			};
			name = Release;
		};
		7801F81928578AB40012B498 /* Debug */ = {
			isa = XCBuildConfiguration;
			buildSettings = {
				ASSETCATALOG_COMPILER_APPICON_NAME = AppIcon;
				ASSETCATALOG_COMPILER_GLOBAL_ACCENT_COLOR_NAME = AccentColor;
				CODE_SIGN_STYLE = Automatic;
				CURRENT_PROJECT_VERSION = 1;
				DEVELOPMENT_ASSET_PATHS = "\"Cabbage-iOS/Preview Content\"";
				DEVELOPMENT_TEAM = WXJ275SWUQ;
				ENABLE_PREVIEWS = YES;
				GENERATE_INFOPLIST_FILE = YES;
				INFOPLIST_KEY_UIApplicationSceneManifest_Generation = YES;
				INFOPLIST_KEY_UIApplicationSupportsIndirectInputEvents = YES;
				INFOPLIST_KEY_UILaunchScreen_Generation = YES;
				INFOPLIST_KEY_UISupportedInterfaceOrientations_iPad = "UIInterfaceOrientationPortrait UIInterfaceOrientationPortraitUpsideDown UIInterfaceOrientationLandscapeLeft UIInterfaceOrientationLandscapeRight";
				INFOPLIST_KEY_UISupportedInterfaceOrientations_iPhone = "UIInterfaceOrientationPortrait UIInterfaceOrientationLandscapeLeft UIInterfaceOrientationLandscapeRight";
				LD_RUNPATH_SEARCH_PATHS = (
					"$(inherited)",
					"@executable_path/Frameworks",
				);
				MARKETING_VERSION = 1.0;
				PRODUCT_BUNDLE_IDENTIFIER = "com.HarrisonKleiman.Cabbage-iOS";
				PRODUCT_NAME = "$(TARGET_NAME)";
				SWIFT_EMIT_LOC_STRINGS = YES;
				SWIFT_VERSION = 5.0;
				TARGETED_DEVICE_FAMILY = "1,2";
			};
			name = Debug;
		};
		7801F81A28578AB40012B498 /* Release */ = {
			isa = XCBuildConfiguration;
			buildSettings = {
				ASSETCATALOG_COMPILER_APPICON_NAME = AppIcon;
				ASSETCATALOG_COMPILER_GLOBAL_ACCENT_COLOR_NAME = AccentColor;
				CODE_SIGN_STYLE = Automatic;
				CURRENT_PROJECT_VERSION = 1;
				DEVELOPMENT_ASSET_PATHS = "\"Cabbage-iOS/Preview Content\"";
				DEVELOPMENT_TEAM = WXJ275SWUQ;
				ENABLE_PREVIEWS = YES;
				GENERATE_INFOPLIST_FILE = YES;
				INFOPLIST_KEY_UIApplicationSceneManifest_Generation = YES;
				INFOPLIST_KEY_UIApplicationSupportsIndirectInputEvents = YES;
				INFOPLIST_KEY_UILaunchScreen_Generation = YES;
				INFOPLIST_KEY_UISupportedInterfaceOrientations_iPad = "UIInterfaceOrientationPortrait UIInterfaceOrientationPortraitUpsideDown UIInterfaceOrientationLandscapeLeft UIInterfaceOrientationLandscapeRight";
				INFOPLIST_KEY_UISupportedInterfaceOrientations_iPhone = "UIInterfaceOrientationPortrait UIInterfaceOrientationLandscapeLeft UIInterfaceOrientationLandscapeRight";
				LD_RUNPATH_SEARCH_PATHS = (
					"$(inherited)",
					"@executable_path/Frameworks",
				);
				MARKETING_VERSION = 1.0;
				PRODUCT_BUNDLE_IDENTIFIER = "com.HarrisonKleiman.Cabbage-iOS";
				PRODUCT_NAME = "$(TARGET_NAME)";
				SWIFT_EMIT_LOC_STRINGS = YES;
				SWIFT_VERSION = 5.0;
				TARGETED_DEVICE_FAMILY = "1,2";
			};
			name = Release;
		};
/* End XCBuildConfiguration section */

/* Begin XCConfigurationList section */
		7801F80028578AB20012B498 /* Build configuration list for PBXProject "Cabbage-iOS" */ = {
			isa = XCConfigurationList;
			buildConfigurations = (
				7801F81628578AB40012B498 /* Debug */,
				7801F81728578AB40012B498 /* Release */,
			);
			defaultConfigurationIsVisible = 0;
			defaultConfigurationName = Release;
		};
		7801F81828578AB40012B498 /* Build configuration list for PBXNativeTarget "Cabbage-iOS" */ = {
			isa = XCConfigurationList;
			buildConfigurations = (
				7801F81928578AB40012B498 /* Debug */,
				7801F81A28578AB40012B498 /* Release */,
			);
			defaultConfigurationIsVisible = 0;
			defaultConfigurationName = Release;
		};
/* End XCConfigurationList section */

/* Begin XCVersionGroup section */
		7801F81328578AB40012B498 /* Cabbage_iOS.xcdatamodeld */ = {
			isa = XCVersionGroup;
			children = (
				7801F81428578AB40012B498 /* Cabbage_iOS.xcdatamodel */,
			);
			currentVersion = 7801F81428578AB40012B498 /* Cabbage_iOS.xcdatamodel */;
			path = Cabbage_iOS.xcdatamodeld;
			sourceTree = "<group>";
			versionGroupType = wrapper.xcdatamodel;
		};
/* End XCVersionGroup section */
	};
	rootObject = 7801F7FD28578AB20012B498 /* Project object */;
}
